
Microsoft Visual Studio Solution File, Format Version 12.00
# Visual Studio Version 17
VisualStudioVersion = 17.13.35825.156 d17.13
MinimumVisualStudioVersion = 10.0.40219.1
Project("{FAE04EC0-301F-11D3-BF4B-00C04F79EFBC}") = "DesadioHospedagemHotel", "DesadioHospedagemHotel.csproj", "{4210510C-2A14-4A68-8ED9-D6B2D80E468E}"
EndProject
Global
	GlobalSection(SolutionConfigurationPlatforms) = preSolution
		Debug|Any CPU = Debug|Any CPU
		Release|Any CPU = Release|Any CPU
	EndGlobalSection
	GlobalSection(ProjectConfigurationPlatforms) = postSolution
		{4210510C-2A14-4A68-8ED9-D6B2D80E468E}.Debug|Any CPU.ActiveCfg = Debug|Any CPU
		{4210510C-2A14-4A68-8ED9-D6B2D80E468E}.Debug|Any CPU.Build.0 = Debug|Any CPU
		{4210510C-2A14-4A68-8ED9-D6B2D80E468E}.Release|Any CPU.ActiveCfg = Release|Any CPU
		{4210510C-2A14-4A68-8ED9-D6B2D80E468E}.Release|Any CPU.Build.0 = Release|Any CPU
	EndGlobalSection
	GlobalSection(SolutionProperties) = preSolution
		HideSolutionNode = FALSE
	EndGlobalSection
	GlobalSection(ExtensibilityGlobals) = postSolution
		SolutionGuid = {8AFF3D62-A9B3-453F-85DE-DBB01CACF637}
	EndGlobalSection
EndGlobal
